
Microsoft Visual Studio Solution File, Format Version 12.00
# Visual Studio 15
Project("{FAE04EC0-301F-11D3-BF4B-00C04F79EFBC}") = "Allow2", "Allow2\Allow2.csproj", "{8DE043DC-8CAC-4DCD-8728-3890F88DF43F}"
EndProject
Global
	GlobalSection(SolutionConfigurationPlatforms) = preSolution
		Debug|Any CPU = Debug|Any CPU
		Release|Any CPU = Release|Any CPU
	EndGlobalSection
	GlobalSection(ProjectConfigurationPlatforms) = postSolution
		{8DE043DC-8CAC-4DCD-8728-3890F88DF43F}.Debug|Any CPU.ActiveCfg = Debug|Any CPU
		{8DE043DC-8CAC-4DCD-8728-3890F88DF43F}.Debug|Any CPU.Build.0 = Debug|Any CPU
		{8DE043DC-8CAC-4DCD-8728-3890F88DF43F}.Release|Any CPU.ActiveCfg = Release|Any CPU
		{8DE043DC-8CAC-4DCD-8728-3890F88DF43F}.Release|Any CPU.Build.0 = Release|Any CPU
	EndGlobalSection
EndGlobal
